
Microsoft Visual Studio Solution File, Format Version 12.00
# Visual Studio 15
VisualStudioVersion = 15.0.28307.1145
MinimumVisualStudioVersion = 10.0.40219.1
Project("{FAE04EC0-301F-11D3-BF4B-00C04F79EFBC}") = "CentroMedicoV2", "CentroMedicoV2\CentroMedicoV2.csproj", "{188DC3FC-0A9E-40CD-BD9C-14AA68E1AC62}"
EndProject
Global
	GlobalSection(SolutionConfigurationPlatforms) = preSolution
		Debug|Any CPU = Debug|Any CPU
		Release|Any CPU = Release|Any CPU
	EndGlobalSection
	GlobalSection(ProjectConfigurationPlatforms) = postSolution
		{188DC3FC-0A9E-40CD-BD9C-14AA68E1AC62}.Debug|Any CPU.ActiveCfg = Debug|Any CPU
		{188DC3FC-0A9E-40CD-BD9C-14AA68E1AC62}.Debug|Any CPU.Build.0 = Debug|Any CPU
		{188DC3FC-0A9E-40CD-BD9C-14AA68E1AC62}.Release|Any CPU.ActiveCfg = Release|Any CPU
		{188DC3FC-0A9E-40CD-BD9C-14AA68E1AC62}.Release|Any CPU.Build.0 = Release|Any CPU
	EndGlobalSection
	GlobalSection(SolutionProperties) = preSolution
		HideSolutionNode = FALSE
	EndGlobalSection
	GlobalSection(ExtensibilityGlobals) = postSolution
		SolutionGuid = {CCD46CDC-C5B7-4510-BBAD-AAE1F6C56FAC}
	EndGlobalSection
EndGlobal
